// !$*UTF8*$!
{
	archiveVersion = 1;
	classes = {
	};
	objectVersion = 50;
	objects = {

/* Begin PBXBuildFile section */
		3F1A85B021D5F4D900EB06FB /* AllFloatButton.swift in Sources */ = {isa = PBXBuildFile; fileRef = 3F1A85AF21D5F4D900EB06FB /* AllFloatButton.swift */; };
		3F3372B421D318A1002A6C88 /* AppDelegate.swift in Sources */ = {isa = PBXBuildFile; fileRef = 3F3372B321D318A1002A6C88 /* AppDelegate.swift */; };
		3F3372B621D318A1002A6C88 /* ViewController.swift in Sources */ = {isa = PBXBuildFile; fileRef = 3F3372B521D318A1002A6C88 /* ViewController.swift */; };
		3F3372B921D318A1002A6C88 /* Main.storyboard in Resources */ = {isa = PBXBuildFile; fileRef = 3F3372B721D318A1002A6C88 /* Main.storyboard */; };
		3F3372BB21D318A2002A6C88 /* Assets.xcassets in Resources */ = {isa = PBXBuildFile; fileRef = 3F3372BA21D318A2002A6C88 /* Assets.xcassets */; };
		3F3372BE21D318A2002A6C88 /* LaunchScreen.storyboard in Resources */ = {isa = PBXBuildFile; fileRef = 3F3372BC21D318A2002A6C88 /* LaunchScreen.storyboard */; };
		3FA48A9F21D4BA4C00A7302B /* MyViewController.swift in Sources */ = {isa = PBXBuildFile; fileRef = 3FA48A9E21D4BA4C00A7302B /* MyViewController.swift */; };
		3FA48AA721D4F50200A7302B /* Adoration of the Magi.png in Resources */ = {isa = PBXBuildFile; fileRef = 3FA48AA121D4F50200A7302B /* Adoration of the Magi.png */; };
		3FA48AA821D4F50200A7302B /* Christ on the Cross.png in Resources */ = {isa = PBXBuildFile; fileRef = 3FA48AA221D4F50200A7302B /* Christ on the Cross.png */; };
		3FA48AA921D4F50200A7302B /* Girl with a Pearl Earring.png in Resources */ = {isa = PBXBuildFile; fileRef = 3FA48AA321D4F50200A7302B /* Girl with a Pearl Earring.png */; };
		3FA48AAA21D4F50200A7302B /* Mona Lisa.png in Resources */ = {isa = PBXBuildFile; fileRef = 3FA48AA421D4F50200A7302B /* Mona Lisa.png */; };
		3FA48AAB21D4F50200A7302B /* Starry Night.png in Resources */ = {isa = PBXBuildFile; fileRef = 3FA48AA521D4F50200A7302B /* Starry Night.png */; };
		3FA48AAC21D4F50200A7302B /* The Last Supper.png in Resources */ = {isa = PBXBuildFile; fileRef = 3FA48AA621D4F50200A7302B /* The Last Supper.png */; };
		3FAB8A4D21D36E8300298212 /* VC2.swift in Sources */ = {isa = PBXBuildFile; fileRef = 3FAB8A4C21D36E8300298212 /* VC2.swift */; };
/* End PBXBuildFile section */

/* Begin PBXFileReference section */
		3F1A85AF21D5F4D900EB06FB /* AllFloatButton.swift */ = {isa = PBXFileReference; lastKnownFileType = sourcecode.swift; path = AllFloatButton.swift; sourceTree = "<group>"; };
		3F3372B021D318A1002A6C88 /* ARt.app */ = {isa = PBXFileReference; explicitFileType = wrapper.application; includeInIndex = 0; path = ARt.app; sourceTree = BUILT_PRODUCTS_DIR; };
		3F3372B321D318A1002A6C88 /* AppDelegate.swift */ = {isa = PBXFileReference; lastKnownFileType = sourcecode.swift; path = AppDelegate.swift; sourceTree = "<group>"; };
		3F3372B521D318A1002A6C88 /* ViewController.swift */ = {isa = PBXFileReference; lastKnownFileType = sourcecode.swift; path = ViewController.swift; sourceTree = "<group>"; };
		3F3372B821D318A1002A6C88 /* Base */ = {isa = PBXFileReference; lastKnownFileType = file.storyboard; name = Base; path = Base.lproj/Main.storyboard; sourceTree = "<group>"; };
		3F3372BA21D318A2002A6C88 /* Assets.xcassets */ = {isa = PBXFileReference; lastKnownFileType = folder.assetcatalog; path = Assets.xcassets; sourceTree = "<group>"; };
		3F3372BD21D318A2002A6C88 /* Base */ = {isa = PBXFileReference; lastKnownFileType = file.storyboard; name = Base; path = Base.lproj/LaunchScreen.storyboard; sourceTree = "<group>"; };
		3F3372BF21D318A2002A6C88 /* Info.plist */ = {isa = PBXFileReference; lastKnownFileType = text.plist.xml; path = Info.plist; sourceTree = "<group>"; };
		3FA48A9E21D4BA4C00A7302B /* MyViewController.swift */ = {isa = PBXFileReference; lastKnownFileType = sourcecode.swift; path = MyViewController.swift; sourceTree = "<group>"; };
		3FA48AA121D4F50200A7302B /* Adoration of the Magi.png */ = {isa = PBXFileReference; lastKnownFileType = image.png; path = "Adoration of the Magi.png"; sourceTree = "<group>"; };
		3FA48AA221D4F50200A7302B /* Christ on the Cross.png */ = {isa = PBXFileReference; lastKnownFileType = image.png; path = "Christ on the Cross.png"; sourceTree = "<group>"; };
		3FA48AA321D4F50200A7302B /* Girl with a Pearl Earring.png */ = {isa = PBXFileReference; lastKnownFileType = image.png; path = "Girl with a Pearl Earring.png"; sourceTree = "<group>"; };
		3FA48AA421D4F50200A7302B /* Mona Lisa.png */ = {isa = PBXFileReference; lastKnownFileType = image.png; path = "Mona Lisa.png"; sourceTree = "<group>"; };
		3FA48AA521D4F50200A7302B /* Starry Night.png */ = {isa = PBXFileReference; lastKnownFileType = image.png; path = "Starry Night.png"; sourceTree = "<group>"; };
		3FA48AA621D4F50200A7302B /* The Last Supper.png */ = {isa = PBXFileReference; lastKnownFileType = image.png; path = "The Last Supper.png"; sourceTree = "<group>"; };
		3FAB8A4C21D36E8300298212 /* VC2.swift */ = {isa = PBXFileReference; lastKnownFileType = sourcecode.swift; path = VC2.swift; sourceTree = "<group>"; };
/* End PBXFileReference section */

/* Begin PBXFrameworksBuildPhase section */
		3F3372AD21D318A1002A6C88 /* Frameworks */ = {
			isa = PBXFrameworksBuildPhase;
			buildActionMask = 2147483647;
			files = (
			);
			runOnlyForDeploymentPostprocessing = 0;
		};
/* End PBXFrameworksBuildPhase section */

/* Begin PBXGroup section */
		3F3372A721D318A1002A6C88 = {
			isa = PBXGroup;
			children = (
				3F3372B221D318A1002A6C88 /* ARt */,
				3F3372B121D318A1002A6C88 /* Products */,
			);
			sourceTree = "<group>";
		};
		3F3372B121D318A1002A6C88 /* Products */ = {
			isa = PBXGroup;
			children = (
				3F3372B021D318A1002A6C88 /* ARt.app */,
			);
			name = Products;
			sourceTree = "<group>";
		};
		3F3372B221D318A1002A6C88 /* ARt */ = {
			isa = PBXGroup;
			children = (
				3FA48AA021D4F50200A7302B /* Pictures */,
				3F3372B321D318A1002A6C88 /* AppDelegate.swift */,
				3F1A85AF21D5F4D900EB06FB /* AllFloatButton.swift */,
				3F3372B521D318A1002A6C88 /* ViewController.swift */,
				3FA48A9E21D4BA4C00A7302B /* MyViewController.swift */,
				3FAB8A4C21D36E8300298212 /* VC2.swift */,
				3F3372B721D318A1002A6C88 /* Main.storyboard */,
				3F3372BA21D318A2002A6C88 /* Assets.xcassets */,
				3F3372BC21D318A2002A6C88 /* LaunchScreen.storyboard */,
				3F3372BF21D318A2002A6C88 /* Info.plist */,
			);
			path = ARt;
			sourceTree = "<group>";
		};
		3FA48AA021D4F50200A7302B /* Pictures */ = {
			isa = PBXGroup;
			children = (
				3FA48AA121D4F50200A7302B /* Adoration of the Magi.png */,
				3FA48AA221D4F50200A7302B /* Christ on the Cross.png */,
				3FA48AA321D4F50200A7302B /* Girl with a Pearl Earring.png */,
				3FA48AA421D4F50200A7302B /* Mona Lisa.png */,
				3FA48AA521D4F50200A7302B /* Starry Night.png */,
				3FA48AA621D4F50200A7302B /* The Last Supper.png */,
			);
			path = Pictures;
			sourceTree = "<group>";
		};
/* End PBXGroup section */

/* Begin PBXNativeTarget section */
		3F3372AF21D318A1002A6C88 /* ARt */ = {
			isa = PBXNativeTarget;
			buildConfigurationList = 3F3372C221D318A2002A6C88 /* Build configuration list for PBXNativeTarget "ARt" */;
			buildPhases = (
				3F3372AC21D318A1002A6C88 /* Sources */,
				3F3372AD21D318A1002A6C88 /* Frameworks */,
				3F3372AE21D318A1002A6C88 /* Resources */,
			);
			buildRules = (
			);
			dependencies = (
			);
			name = ARt;
			productName = ARt;
			productReference = 3F3372B021D318A1002A6C88 /* ARt.app */;
			productType = "com.apple.product-type.application";
		};
/* End PBXNativeTarget section */

/* Begin PBXProject section */
		3F3372A821D318A1002A6C88 /* Project object */ = {
			isa = PBXProject;
			attributes = {
				LastSwiftUpdateCheck = 1000;
				LastUpgradeCheck = 1000;
				ORGANIZATIONNAME = pxy;
				TargetAttributes = {
					3F3372AF21D318A1002A6C88 = {
						CreatedOnToolsVersion = 10.0;
					};
				};
			};
			buildConfigurationList = 3F3372AB21D318A1002A6C88 /* Build configuration list for PBXProject "ARt" */;
			compatibilityVersion = "Xcode 9.3";
			developmentRegion = en;
			hasScannedForEncodings = 0;
			knownRegions = (
				en,
				Base,
			);
			mainGroup = 3F3372A721D318A1002A6C88;
			productRefGroup = 3F3372B121D318A1002A6C88 /* Products */;
			projectDirPath = "";
			projectRoot = "";
			targets = (
				3F3372AF21D318A1002A6C88 /* ARt */,
			);
		};
/* End PBXProject section */

/* Begin PBXResourcesBuildPhase section */
		3F3372AE21D318A1002A6C88 /* Resources */ = {
			isa = PBXResourcesBuildPhase;
			buildActionMask = 2147483647;
			files = (
				3FA48AA821D4F50200A7302B /* Christ on the Cross.png in Resources */,
				3F3372BE21D318A2002A6C88 /* LaunchScreen.storyboard in Resources */,
				3FA48AAB21D4F50200A7302B /* Starry Night.png in Resources */,
				3FA48AAC21D4F50200A7302B /* The Last Supper.png in Resources */,
				3FA48AA721D4F50200A7302B /* Adoration of the Magi.png in Resources */,
				3FA48AAA21D4F50200A7302B /* Mona Lisa.png in Resources */,
				3FA48AA921D4F50200A7302B /* Girl with a Pearl Earring.png in Resources */,
				3F3372BB21D318A2002A6C88 /* Assets.xcassets in Resources */,
				3F3372B921D318A1002A6C88 /* Main.storyboard in Resources */,
			);
			runOnlyForDeploymentPostprocessing = 0;
		};
/* End PBXResourcesBuildPhase section */

/* Begin PBXSourcesBuildPhase section */
		3F3372AC21D318A1002A6C88 /* Sources */ = {
			isa = PBXSourcesBuildPhase;
			buildActionMask = 2147483647;
			files = (
				3F1A85B021D5F4D900EB06FB /* AllFloatButton.swift in Sources */,
				3FAB8A4D21D36E8300298212 /* VC2.swift in Sources */,
				3F3372B621D318A1002A6C88 /* ViewController.swift in Sources */,
				3FA48A9F21D4BA4C00A7302B /* MyViewController.swift in Sources */,
				3F3372B421D318A1002A6C88 /* AppDelegate.swift in Sources */,
			);
			runOnlyForDeploymentPostprocessing = 0;
		};
/* End PBXSourcesBuildPhase section */

/* Begin PBXVariantGroup section */
		3F3372B721D318A1002A6C88 /* Main.storyboard */ = {
			isa = PBXVariantGroup;
			children = (
				3F3372B821D318A1002A6C88 /* Base */,
			);
			name = Main.storyboard;
			sourceTree = "<group>";
		};
		3F3372BC21D318A2002A6C88 /* LaunchScreen.storyboard */ = {
			isa = PBXVariantGroup;
			children = (
				3F3372BD21D318A2002A6C88 /* Base */,
			);
			name = LaunchScreen.storyboard;
			sourceTree = "<group>";
		};
/* End PBXVariantGroup section */

/* Begin XCBuildConfiguration section */
		3F3372C021D318A2002A6C88 /* Debug */ = {
			isa = XCBuildConfiguration;
			buildSettings = {
				ALWAYS_SEARCH_USER_PATHS = NO;
				CLANG_ANALYZER_NONNULL = YES;
				CLANG_ANALYZER_NUMBER_OBJECT_CONVERSION = YES_AGGRESSIVE;
				CLANG_CXX_LANGUAGE_STANDARD = "gnu++14";
				CLANG_CXX_LIBRARY = "libc++";
				CLANG_ENABLE_MODULES = YES;
				CLANG_ENABLE_OBJC_ARC = YES;
				CLANG_ENABLE_OBJC_WEAK = YES;
				CLANG_WARN_BLOCK_CAPTURE_AUTORELEASING = YES;
				CLANG_WARN_BOOL_CONVERSION = YES;
				CLANG_WARN_COMMA = YES;
				CLANG_WARN_CONSTANT_CONVERSION = YES;
				CLANG_WARN_DEPRECATED_OBJC_IMPLEMENTATIONS = YES;
				CLANG_WARN_DIRECT_OBJC_ISA_USAGE = YES_ERROR;
				CLANG_WARN_DOCUMENTATION_COMMENTS = YES;
				CLANG_WARN_EMPTY_BODY = YES;
				CLANG_WARN_ENUM_CONVERSION = YES;
				CLANG_WARN_INFINITE_RECURSION = YES;
				CLANG_WARN_INT_CONVERSION = YES;
				CLANG_WARN_NON_LITERAL_NULL_CONVERSION = YES;
				CLANG_WARN_OBJC_IMPLICIT_RETAIN_SELF = YES;
				CLANG_WARN_OBJC_LITERAL_CONVERSION = YES;
				CLANG_WARN_OBJC_ROOT_CLASS = YES_ERROR;
				CLANG_WARN_RANGE_LOOP_ANALYSIS = YES;
				CLANG_WARN_STRICT_PROTOTYPES = YES;
				CLANG_WARN_SUSPICIOUS_MOVE = YES;
				CLANG_WARN_UNGUARDED_AVAILABILITY = YES_AGGRESSIVE;
				CLANG_WARN_UNREACHABLE_CODE = YES;
				CLANG_WARN__DUPLICATE_METHOD_MATCH = YES;
				CODE_SIGN_IDENTITY = "iPhone Developer";
				COPY_PHASE_STRIP = NO;
				DEBUG_INFORMATION_FORMAT = dwarf;
				ENABLE_STRICT_OBJC_MSGSEND = YES;
				ENABLE_TESTABILITY = YES;
				GCC_C_LANGUAGE_STANDARD = gnu11;
				GCC_DYNAMIC_NO_PIC = NO;
				GCC_NO_COMMON_BLOCKS = YES;
				GCC_OPTIMIZATION_LEVEL = 0;
				GCC_PREPROCESSOR_DEFINITIONS = (
					"DEBUG=1",
					"$(inherited)",
				);
				GCC_WARN_64_TO_32_BIT_CONVERSION = YES;
				GCC_WARN_ABOUT_RETURN_TYPE = YES_ERROR;
				GCC_WARN_UNDECLARED_SELECTOR = YES;
				GCC_WARN_UNINITIALIZED_AUTOS = YES_AGGRESSIVE;
				GCC_WARN_UNUSED_FUNCTION = YES;
				GCC_WARN_UNUSED_VARIABLE = YES;
				IPHONEOS_DEPLOYMENT_TARGET = 12.0;
				MTL_ENABLE_DEBUG_INFO = INCLUDE_SOURCE;
				MTL_FAST_MATH = YES;
				ONLY_ACTIVE_ARCH = YES;
				SDKROOT = iphoneos;
				SWIFT_ACTIVE_COMPILATION_CONDITIONS = DEBUG;
				SWIFT_OPTIMIZATION_LEVEL = "-Onone";
			};
			name = Debug;
		};
		3F3372C121D318A2002A6C88 /* Release */ = {
			isa = XCBuildConfiguration;
			buildSettings = {
				ALWAYS_SEARCH_USER_PATHS = NO;
				CLANG_ANALYZER_NONNULL = YES;
				CLANG_ANALYZER_NUMBER_OBJECT_CONVERSION = YES_AGGRESSIVE;
				CLANG_CXX_LANGUAGE_STANDARD = "gnu++14";
				CLANG_CXX_LIBRARY = "libc++";
				CLANG_ENABLE_MODULES = YES;
				CLANG_ENABLE_OBJC_ARC = YES;
				CLANG_ENABLE_OBJC_WEAK = YES;
				CLANG_WARN_BLOCK_CAPTURE_AUTORELEASING = YES;
				CLANG_WARN_BOOL_CONVERSION = YES;
				CLANG_WARN_COMMA = YES;
				CLANG_WARN_CONSTANT_CONVERSION = YES;
				CLANG_WARN_DEPRECATED_OBJC_IMPLEMENTATIONS = YES;
				CLANG_WARN_DIRECT_OBJC_ISA_USAGE = YES_ERROR;
				CLANG_WARN_DOCUMENTATION_COMMENTS = YES;
				CLANG_WARN_EMPTY_BODY = YES;
				CLANG_WARN_ENUM_CONVERSION = YES;
				CLANG_WARN_INFINITE_RECURSION = YES;
				CLANG_WARN_INT_CONVERSION = YES;
				CLANG_WARN_NON_LITERAL_NULL_CONVERSION = YES;
				CLANG_WARN_OBJC_IMPLICIT_RETAIN_SELF = YES;
				CLANG_WARN_OBJC_LITERAL_CONVERSION = YES;
				CLANG_WARN_OBJC_ROOT_CLASS = YES_ERROR;
				CLANG_WARN_RANGE_LOOP_ANALYSIS = YES;
				CLANG_WARN_STRICT_PROTOTYPES = YES;
				CLANG_WARN_SUSPICIOUS_MOVE = YES;
				CLANG_WARN_UNGUARDED_AVAILABILITY = YES_AGGRESSIVE;
				CLANG_WARN_UNREACHABLE_CODE = YES;
				CLANG_WARN__DUPLICATE_METHOD_MATCH = YES;
				CODE_SIGN_IDENTITY = "iPhone Developer";
				COPY_PHASE_STRIP = NO;
				DEBUG_INFORMATION_FORMAT = "dwarf-with-dsym";
				ENABLE_NS_ASSERTIONS = NO;
				ENABLE_STRICT_OBJC_MSGSEND = YES;
				GCC_C_LANGUAGE_STANDARD = gnu11;
				GCC_NO_COMMON_BLOCKS = YES;
				GCC_WARN_64_TO_32_BIT_CONVERSION = YES;
				GCC_WARN_ABOUT_RETURN_TYPE = YES_ERROR;
				GCC_WARN_UNDECLARED_SELECTOR = YES;
				GCC_WARN_UNINITIALIZED_AUTOS = YES_AGGRESSIVE;
				GCC_WARN_UNUSED_FUNCTION = YES;
				GCC_WARN_UNUSED_VARIABLE = YES;
				IPHONEOS_DEPLOYMENT_TARGET = 12.0;
				MTL_ENABLE_DEBUG_INFO = NO;
				MTL_FAST_MATH = YES;
				SDKROOT = iphoneos;
				SWIFT_COMPILATION_MODE = wholemodule;
				SWIFT_OPTIMIZATION_LEVEL = "-O";
				VALIDATE_PRODUCT = YES;
			};
			name = Release;
		};
		3F3372C321D318A2002A6C88 /* Debug */ = {
			isa = XCBuildConfiguration;
			buildSettings = {
				ASSETCATALOG_COMPILER_APPICON_NAME = AppIcon;
				CODE_SIGN_STYLE = Automatic;
				DEVELOPMENT_TEAM = 2VLQ5AZ3L2;
				INFOPLIST_FILE = ARt/Info.plist;
				LD_RUNPATH_SEARCH_PATHS = (
					"$(inherited)",
					"@executable_path/Frameworks",
				);
				PRODUCT_BUNDLE_IDENTIFIER = "-016110434.ARt";
				PRODUCT_NAME = "$(TARGET_NAME)";
				SWIFT_VERSION = 4.2;
				TARGETED_DEVICE_FAMILY = "1,2";
			};
			name = Debug;
		};
		3F3372C421D318A2002A6C88 /* Release */ = {
			isa = XCBuildConfiguration;
			buildSettings = {
				ASSETCATALOG_COMPILER_APPICON_NAME = AppIcon;
				CODE_SIGN_STYLE = Automatic;
				DEVELOPMENT_TEAM = 2VLQ5AZ3L2;
				INFOPLIST_FILE = ARt/Info.plist;
				LD_RUNPATH_SEARCH_PATHS = (
					"$(inherited)",
					"@executable_path/Frameworks",
				);
				PRODUCT_BUNDLE_IDENTIFIER = "-016110434.ARt";
				PRODUCT_NAME = "$(TARGET_NAME)";
				SWIFT_VERSION = 4.2;
				TARGETED_DEVICE_FAMILY = "1,2";
			};
			name = Release;
		};
/* End XCBuildConfiguration section */

/* Begin XCConfigurationList section */
		3F3372AB21D318A1002A6C88 /* Build configuration list for PBXProject "ARt" */ = {
			isa = XCConfigurationList;
			buildConfigurations = (
				3F3372C021D318A2002A6C88 /* Debug */,
				3F3372C121D318A2002A6C88 /* Release */,
			);
			defaultConfigurationIsVisible = 0;
			defaultConfigurationName = Release;
		};
		3F3372C221D318A2002A6C88 /* Build configuration list for PBXNativeTarget "ARt" */ = {
			isa = XCConfigurationList;
			buildConfigurations = (
				3F3372C321D318A2002A6C88 /* Debug */,
				3F3372C421D318A2002A6C88 /* Release */,
			);
			defaultConfigurationIsVisible = 0;
			defaultConfigurationName = Release;
		};
/* End XCConfigurationList section */
	};
	rootObject = 3F3372A821D318A1002A6C88 /* Project object */;
}
